
Microsoft Visual Studio Solution File, Format Version 12.00
# Visual Studio 15
VisualStudioVersion = 15.0.27428.2015
MinimumVisualStudioVersion = 10.0.40219.1
Project("{9A19103F-16F7-4668-BE54-9A1E7A4F7556}") = "Auctioneer", "Auctioneer\Auctioneer.csproj", "{71FB45BA-914C-4CCE-8C12-5BC40B525EB5}"
	ProjectSection(ProjectDependencies) = postProject
		{3C36D493-6062-45FF-B3CB-03577B4DBA6E} = {3C36D493-6062-45FF-B3CB-03577B4DBA6E}
	EndProjectSection
EndProject
Project("{FAE04EC0-301F-11D3-BF4B-00C04F79EFBC}") = "Utilities", "Utilities\Utilities.csproj", "{3C36D493-6062-45FF-B3CB-03577B4DBA6E}"
EndProject
Global
	GlobalSection(SolutionConfigurationPlatforms) = preSolution
		Debug|Any CPU = Debug|Any CPU
		Release|Any CPU = Release|Any CPU
	EndGlobalSection
	GlobalSection(ProjectConfigurationPlatforms) = postSolution
		{71FB45BA-914C-4CCE-8C12-5BC40B525EB5}.Debug|Any CPU.ActiveCfg = Debug|Any CPU
		{71FB45BA-914C-4CCE-8C12-5BC40B525EB5}.Debug|Any CPU.Build.0 = Debug|Any CPU
		{71FB45BA-914C-4CCE-8C12-5BC40B525EB5}.Release|Any CPU.ActiveCfg = Release|Any CPU
		{71FB45BA-914C-4CCE-8C12-5BC40B525EB5}.Release|Any CPU.Build.0 = Release|Any CPU
		{3C36D493-6062-45FF-B3CB-03577B4DBA6E}.Debug|Any CPU.ActiveCfg = Debug|Any CPU
		{3C36D493-6062-45FF-B3CB-03577B4DBA6E}.Debug|Any CPU.Build.0 = Debug|Any CPU
		{3C36D493-6062-45FF-B3CB-03577B4DBA6E}.Release|Any CPU.ActiveCfg = Release|Any CPU
		{3C36D493-6062-45FF-B3CB-03577B4DBA6E}.Release|Any CPU.Build.0 = Release|Any CPU
	EndGlobalSection
	GlobalSection(SolutionProperties) = preSolution
		HideSolutionNode = FALSE
	EndGlobalSection
	GlobalSection(ExtensibilityGlobals) = postSolution
		SolutionGuid = {1E9F8D57-BA4B-4EE8-8634-399A4B2AC73C}
	EndGlobalSection
EndGlobal
